
Microsoft Visual Studio Solution File, Format Version 12.00
# Visual Studio Version 17
VisualStudioVersion = 17.0.31903.59
MinimumVisualStudioVersion = 10.0.40219.1
Project("{2150E333-8FDC-42A3-9474-1A3956D46DE8}") = "src", "src", "{24FD3508-843A-465A-B178-DBA8305115C6}"
EndProject
Project("{FAE04EC0-301F-11D3-BF4B-00C04F79EFBC}") = "AuctionService", "src\AuctionService\AuctionService.csproj", "{3C5BD022-D69C-420F-B482-BC2EC07468FE}"
EndProject
Project("{FAE04EC0-301F-11D3-BF4B-00C04F79EFBC}") = "SearchService", "src\SearchService\SearchService.csproj", "{5F90273D-7600-4CB6-B290-234BBB405099}"
EndProject
Project("{FAE04EC0-301F-11D3-BF4B-00C04F79EFBC}") = "Contracts", "src\Contracts\Contracts.csproj", "{DD3D6B2D-8850-4128-828D-F932E264171A}"
EndProject
Project("{FAE04EC0-301F-11D3-BF4B-00C04F79EFBC}") = "IdentityService", "src\IdentityService\IdentityService.csproj", "{6CA60A54-8F7D-40E7-B953-78E713F33EE8}"
EndProject
Project("{FAE04EC0-301F-11D3-BF4B-00C04F79EFBC}") = "GatewayService", "src\GatewayService\GatewayService.csproj", "{B5AAA46B-C723-4640-8D97-FF03244DB1F1}"
EndProject
Global
	GlobalSection(SolutionConfigurationPlatforms) = preSolution
		Debug|Any CPU = Debug|Any CPU
		Release|Any CPU = Release|Any CPU
	EndGlobalSection
	GlobalSection(SolutionProperties) = preSolution
		HideSolutionNode = FALSE
	EndGlobalSection
	GlobalSection(ProjectConfigurationPlatforms) = postSolution
		{3C5BD022-D69C-420F-B482-BC2EC07468FE}.Debug|Any CPU.ActiveCfg = Debug|Any CPU
		{3C5BD022-D69C-420F-B482-BC2EC07468FE}.Debug|Any CPU.Build.0 = Debug|Any CPU
		{3C5BD022-D69C-420F-B482-BC2EC07468FE}.Release|Any CPU.ActiveCfg = Release|Any CPU
		{3C5BD022-D69C-420F-B482-BC2EC07468FE}.Release|Any CPU.Build.0 = Release|Any CPU
		{5F90273D-7600-4CB6-B290-234BBB405099}.Debug|Any CPU.ActiveCfg = Debug|Any CPU
		{5F90273D-7600-4CB6-B290-234BBB405099}.Debug|Any CPU.Build.0 = Debug|Any CPU
		{5F90273D-7600-4CB6-B290-234BBB405099}.Release|Any CPU.ActiveCfg = Release|Any CPU
		{5F90273D-7600-4CB6-B290-234BBB405099}.Release|Any CPU.Build.0 = Release|Any CPU
		{DD3D6B2D-8850-4128-828D-F932E264171A}.Debug|Any CPU.ActiveCfg = Debug|Any CPU
		{DD3D6B2D-8850-4128-828D-F932E264171A}.Debug|Any CPU.Build.0 = Debug|Any CPU
		{DD3D6B2D-8850-4128-828D-F932E264171A}.Release|Any CPU.ActiveCfg = Release|Any CPU
		{DD3D6B2D-8850-4128-828D-F932E264171A}.Release|Any CPU.Build.0 = Release|Any CPU
		{6CA60A54-8F7D-40E7-B953-78E713F33EE8}.Debug|Any CPU.ActiveCfg = Debug|Any CPU
		{6CA60A54-8F7D-40E7-B953-78E713F33EE8}.Debug|Any CPU.Build.0 = Debug|Any CPU
		{6CA60A54-8F7D-40E7-B953-78E713F33EE8}.Release|Any CPU.ActiveCfg = Release|Any CPU
		{6CA60A54-8F7D-40E7-B953-78E713F33EE8}.Release|Any CPU.Build.0 = Release|Any CPU
		{B5AAA46B-C723-4640-8D97-FF03244DB1F1}.Debug|Any CPU.ActiveCfg = Debug|Any CPU
		{B5AAA46B-C723-4640-8D97-FF03244DB1F1}.Debug|Any CPU.Build.0 = Debug|Any CPU
		{B5AAA46B-C723-4640-8D97-FF03244DB1F1}.Release|Any CPU.ActiveCfg = Release|Any CPU
		{B5AAA46B-C723-4640-8D97-FF03244DB1F1}.Release|Any CPU.Build.0 = Release|Any CPU
	EndGlobalSection
	GlobalSection(NestedProjects) = preSolution
		{3C5BD022-D69C-420F-B482-BC2EC07468FE} = {24FD3508-843A-465A-B178-DBA8305115C6}
		{5F90273D-7600-4CB6-B290-234BBB405099} = {24FD3508-843A-465A-B178-DBA8305115C6}
		{DD3D6B2D-8850-4128-828D-F932E264171A} = {24FD3508-843A-465A-B178-DBA8305115C6}
		{6CA60A54-8F7D-40E7-B953-78E713F33EE8} = {24FD3508-843A-465A-B178-DBA8305115C6}
		{B5AAA46B-C723-4640-8D97-FF03244DB1F1} = {24FD3508-843A-465A-B178-DBA8305115C6}
	EndGlobalSection
EndGlobal
